
Microsoft Visual Studio Solution File, Format Version 12.00
# Visual Studio Version 16
VisualStudioVersion = 16.0.29709.97
MinimumVisualStudioVersion = 10.0.40219.1
Project("{9A19103F-16F7-4668-BE54-9A1E7A4F7556}") = "RobotStore.WebAPI", "RobotStore.WebAPI\RobotStore.WebAPI.csproj", "{E59E9B14-8D06-4C96-829B-15FA7A26D042}"
EndProject
Project("{FAE04EC0-301F-11D3-BF4B-00C04F79EFBC}") = "RobotStore.WebAPI.Test", "RobotStore.WebAPI.Test\RobotStore.WebAPI.Test.csproj", "{9508CB64-A4D4-4CEB-8E40-1E5A6945034A}"
EndProject
Global
	GlobalSection(SolutionConfigurationPlatforms) = preSolution
		Debug|Any CPU = Debug|Any CPU
		Release|Any CPU = Release|Any CPU
	EndGlobalSection
	GlobalSection(ProjectConfigurationPlatforms) = postSolution
		{E59E9B14-8D06-4C96-829B-15FA7A26D042}.Debug|Any CPU.ActiveCfg = Debug|Any CPU
		{E59E9B14-8D06-4C96-829B-15FA7A26D042}.Debug|Any CPU.Build.0 = Debug|Any CPU
		{E59E9B14-8D06-4C96-829B-15FA7A26D042}.Release|Any CPU.ActiveCfg = Release|Any CPU
		{E59E9B14-8D06-4C96-829B-15FA7A26D042}.Release|Any CPU.Build.0 = Release|Any CPU
		{9508CB64-A4D4-4CEB-8E40-1E5A6945034A}.Debug|Any CPU.ActiveCfg = Debug|Any CPU
		{9508CB64-A4D4-4CEB-8E40-1E5A6945034A}.Debug|Any CPU.Build.0 = Debug|Any CPU
		{9508CB64-A4D4-4CEB-8E40-1E5A6945034A}.Release|Any CPU.ActiveCfg = Release|Any CPU
		{9508CB64-A4D4-4CEB-8E40-1E5A6945034A}.Release|Any CPU.Build.0 = Release|Any CPU
	EndGlobalSection
	GlobalSection(SolutionProperties) = preSolution
		HideSolutionNode = FALSE
	EndGlobalSection
	GlobalSection(ExtensibilityGlobals) = postSolution
		SolutionGuid = {B42869DF-56F8-4B30-A2F9-7E4D35C0F4F5}
	EndGlobalSection
EndGlobal
